
Microsoft Visual Studio Solution File, Format Version 12.00
# Visual Studio 14
VisualStudioVersion = 14.0.23107.0
MinimumVisualStudioVersion = 10.0.40219.1
Project("{FAE04EC0-301F-11D3-BF4B-00C04F79EFBC}") = "UFO_DAL_ConsoleClient", "ufotest.cs\UFO_DAL_ConsoleClient.csproj", "{E89EAA97-D3C2-48D4-8671-2300A3AD3F73}"
EndProject
Project("{F088123C-0E9E-452A-89E6-6BA2F21D5CAC}") = "UFO_UML", "UFO_UML\UFO_UML.modelproj", "{87260445-923D-42CF-A417-F2C852C1A769}"
EndProject
Project("{FAE04EC0-301F-11D3-BF4B-00C04F79EFBC}") = "UFO_DAL", "UFO_DAL\UFO_DAL.csproj", "{342E35AC-D079-4954-B39A-54BB4B64A682}"
EndProject
Project("{FAE04EC0-301F-11D3-BF4B-00C04F79EFBC}") = "UFO_DAOTests", "UFO_DAOTests\UFO_DAOTests.csproj", "{293F6E52-B55B-442D-8F45-BEF6B2200FE2}"
EndProject
Global
	GlobalSection(SolutionConfigurationPlatforms) = preSolution
		Debug|Any CPU = Debug|Any CPU
		Release|Any CPU = Release|Any CPU
	EndGlobalSection
	GlobalSection(ProjectConfigurationPlatforms) = postSolution
		{E89EAA97-D3C2-48D4-8671-2300A3AD3F73}.Debug|Any CPU.ActiveCfg = Debug|Any CPU
		{E89EAA97-D3C2-48D4-8671-2300A3AD3F73}.Debug|Any CPU.Build.0 = Debug|Any CPU
		{E89EAA97-D3C2-48D4-8671-2300A3AD3F73}.Release|Any CPU.ActiveCfg = Release|Any CPU
		{E89EAA97-D3C2-48D4-8671-2300A3AD3F73}.Release|Any CPU.Build.0 = Release|Any CPU
		{87260445-923D-42CF-A417-F2C852C1A769}.Debug|Any CPU.ActiveCfg = Debug|Any CPU
		{87260445-923D-42CF-A417-F2C852C1A769}.Debug|Any CPU.Build.0 = Debug|Any CPU
		{87260445-923D-42CF-A417-F2C852C1A769}.Release|Any CPU.ActiveCfg = Release|Any CPU
		{87260445-923D-42CF-A417-F2C852C1A769}.Release|Any CPU.Build.0 = Release|Any CPU
		{342E35AC-D079-4954-B39A-54BB4B64A682}.Debug|Any CPU.ActiveCfg = Debug|Any CPU
		{342E35AC-D079-4954-B39A-54BB4B64A682}.Debug|Any CPU.Build.0 = Debug|Any CPU
		{342E35AC-D079-4954-B39A-54BB4B64A682}.Release|Any CPU.ActiveCfg = Release|Any CPU
		{342E35AC-D079-4954-B39A-54BB4B64A682}.Release|Any CPU.Build.0 = Release|Any CPU
		{293F6E52-B55B-442D-8F45-BEF6B2200FE2}.Debug|Any CPU.ActiveCfg = Debug|Any CPU
		{293F6E52-B55B-442D-8F45-BEF6B2200FE2}.Debug|Any CPU.Build.0 = Debug|Any CPU
		{293F6E52-B55B-442D-8F45-BEF6B2200FE2}.Release|Any CPU.ActiveCfg = Release|Any CPU
		{293F6E52-B55B-442D-8F45-BEF6B2200FE2}.Release|Any CPU.Build.0 = Release|Any CPU
	EndGlobalSection
	GlobalSection(SolutionProperties) = preSolution
		HideSolutionNode = FALSE
	EndGlobalSection
EndGlobal
